
Microsoft Visual Studio Solution File, Format Version 12.00
# Visual Studio Version 16
VisualStudioVersion = 16.0.32802.440
MinimumVisualStudioVersion = 10.0.40219.1
Project("{9A19103F-16F7-4668-BE54-9A1E7A4F7556}") = "TrabalhandoComDatasDateTime", "TrabalhandoComDatasDateTime\TrabalhandoComDatasDateTime.csproj", "{DFF4AD71-3865-4677-9CCF-5F1487EE43FE}"
EndProject
Project("{9A19103F-16F7-4668-BE54-9A1E7A4F7556}") = "TrabalhandoComDatasFormatacao", "TrabalhandoComDatasFormatacao\TrabalhandoComDatasFormatacao.csproj", "{D17950FC-C653-4E51-998C-7E214E4E4F2D}"
EndProject
Project("{9A19103F-16F7-4668-BE54-9A1E7A4F7556}") = "TrabalhandoComDiretorios", "TrabalhandoComDiretorios\TrabalhandoComDiretorios.csproj", "{D915E099-1FD6-42F8-8306-89DFFD1A2564}"
EndProject
Project("{9A19103F-16F7-4668-BE54-9A1E7A4F7556}") = "TrabalhandoComArquivos", "TrabalhandoComArquivos\TrabalhandoComArquivos.csproj", "{54A2B66D-046C-4AB1-B3BE-791FCDFFD35D}"
EndProject
Project("{9A19103F-16F7-4668-BE54-9A1E7A4F7556}") = "DebugandoAplicacoes", "DebugandoAplicacoes\DebugandoAplicacoes.csproj", "{1FD5EFED-BC2C-40B6-9D94-AE2567558591}"
EndProject
Project("{9A19103F-16F7-4668-BE54-9A1E7A4F7556}") = "TratandoExcecoes", "TratandoExcecoes\TratandoExcecoes.csproj", "{1EB07135-5E33-4A65-8B8D-68BED38EB83E}"
EndProject
Project("{FAE04EC0-301F-11D3-BF4B-00C04F79EFBC}") = "ProgramacaoOrientadaObjetos", "ProgramacaoOrientadaObjetos\ProgramacaoOrientadaObjetos.csproj", "{1376EBB0-99ED-487B-995C-07D8B36C058E}"
EndProject
Global
	GlobalSection(SolutionConfigurationPlatforms) = preSolution
		Debug|Any CPU = Debug|Any CPU
		Release|Any CPU = Release|Any CPU
	EndGlobalSection
	GlobalSection(ProjectConfigurationPlatforms) = postSolution
		{DFF4AD71-3865-4677-9CCF-5F1487EE43FE}.Debug|Any CPU.ActiveCfg = Debug|Any CPU
		{DFF4AD71-3865-4677-9CCF-5F1487EE43FE}.Debug|Any CPU.Build.0 = Debug|Any CPU
		{DFF4AD71-3865-4677-9CCF-5F1487EE43FE}.Release|Any CPU.ActiveCfg = Release|Any CPU
		{DFF4AD71-3865-4677-9CCF-5F1487EE43FE}.Release|Any CPU.Build.0 = Release|Any CPU
		{D17950FC-C653-4E51-998C-7E214E4E4F2D}.Debug|Any CPU.ActiveCfg = Debug|Any CPU
		{D17950FC-C653-4E51-998C-7E214E4E4F2D}.Debug|Any CPU.Build.0 = Debug|Any CPU
		{D17950FC-C653-4E51-998C-7E214E4E4F2D}.Release|Any CPU.ActiveCfg = Release|Any CPU
		{D17950FC-C653-4E51-998C-7E214E4E4F2D}.Release|Any CPU.Build.0 = Release|Any CPU
		{D915E099-1FD6-42F8-8306-89DFFD1A2564}.Debug|Any CPU.ActiveCfg = Debug|Any CPU
		{D915E099-1FD6-42F8-8306-89DFFD1A2564}.Debug|Any CPU.Build.0 = Debug|Any CPU
		{D915E099-1FD6-42F8-8306-89DFFD1A2564}.Release|Any CPU.ActiveCfg = Release|Any CPU
		{D915E099-1FD6-42F8-8306-89DFFD1A2564}.Release|Any CPU.Build.0 = Release|Any CPU
		{54A2B66D-046C-4AB1-B3BE-791FCDFFD35D}.Debug|Any CPU.ActiveCfg = Debug|Any CPU
		{54A2B66D-046C-4AB1-B3BE-791FCDFFD35D}.Debug|Any CPU.Build.0 = Debug|Any CPU
		{54A2B66D-046C-4AB1-B3BE-791FCDFFD35D}.Release|Any CPU.ActiveCfg = Release|Any CPU
		{54A2B66D-046C-4AB1-B3BE-791FCDFFD35D}.Release|Any CPU.Build.0 = Release|Any CPU
		{1FD5EFED-BC2C-40B6-9D94-AE2567558591}.Debug|Any CPU.ActiveCfg = Debug|Any CPU
		{1FD5EFED-BC2C-40B6-9D94-AE2567558591}.Debug|Any CPU.Build.0 = Debug|Any CPU
		{1FD5EFED-BC2C-40B6-9D94-AE2567558591}.Release|Any CPU.ActiveCfg = Release|Any CPU
		{1FD5EFED-BC2C-40B6-9D94-AE2567558591}.Release|Any CPU.Build.0 = Release|Any CPU
		{1EB07135-5E33-4A65-8B8D-68BED38EB83E}.Debug|Any CPU.ActiveCfg = Debug|Any CPU
		{1EB07135-5E33-4A65-8B8D-68BED38EB83E}.Debug|Any CPU.Build.0 = Debug|Any CPU
		{1EB07135-5E33-4A65-8B8D-68BED38EB83E}.Release|Any CPU.ActiveCfg = Release|Any CPU
		{1EB07135-5E33-4A65-8B8D-68BED38EB83E}.Release|Any CPU.Build.0 = Release|Any CPU
		{1376EBB0-99ED-487B-995C-07D8B36C058E}.Debug|Any CPU.ActiveCfg = Debug|Any CPU
		{1376EBB0-99ED-487B-995C-07D8B36C058E}.Debug|Any CPU.Build.0 = Debug|Any CPU
		{1376EBB0-99ED-487B-995C-07D8B36C058E}.Release|Any CPU.ActiveCfg = Release|Any CPU
		{1376EBB0-99ED-487B-995C-07D8B36C058E}.Release|Any CPU.Build.0 = Release|Any CPU
	EndGlobalSection
	GlobalSection(SolutionProperties) = preSolution
		HideSolutionNode = FALSE
	EndGlobalSection
	GlobalSection(ExtensibilityGlobals) = postSolution
		SolutionGuid = {620BB544-8019-42D7-B9BE-E964A4A68519}
	EndGlobalSection
EndGlobal
